
Microsoft Visual Studio Solution File, Format Version 12.00
# Visual Studio Version 16
VisualStudioVersion = 16.0.31702.278
MinimumVisualStudioVersion = 10.0.40219.1
Project("{FAE04EC0-301F-11D3-BF4B-00C04F79EFBC}") = "HashTable", "HashTable.csproj", "{18976815-7718-453F-9E16-74FC5E95B72B}"
EndProject
Global
	GlobalSection(SolutionConfigurationPlatforms) = preSolution
		Debug|Any CPU = Debug|Any CPU
		Release|Any CPU = Release|Any CPU
	EndGlobalSection
	GlobalSection(ProjectConfigurationPlatforms) = postSolution
		{18976815-7718-453F-9E16-74FC5E95B72B}.Debug|Any CPU.ActiveCfg = Debug|Any CPU
		{18976815-7718-453F-9E16-74FC5E95B72B}.Debug|Any CPU.Build.0 = Debug|Any CPU
		{18976815-7718-453F-9E16-74FC5E95B72B}.Release|Any CPU.ActiveCfg = Release|Any CPU
		{18976815-7718-453F-9E16-74FC5E95B72B}.Release|Any CPU.Build.0 = Release|Any CPU
	EndGlobalSection
	GlobalSection(SolutionProperties) = preSolution
		HideSolutionNode = FALSE
	EndGlobalSection
	GlobalSection(ExtensibilityGlobals) = postSolution
		SolutionGuid = {D083B5AE-1EC5-4565-B316-E1865EC7840F}
	EndGlobalSection
EndGlobal
